// !$*UTF8*$!
{
	archiveVersion = 1;
	classes = {
	};
	objectVersion = 77;
	objects = {

/* Begin PBXContainerItemProxy section */
		5991CA822CD65A5D00389D48 /* PBXContainerItemProxy */ = {
			isa = PBXContainerItemProxy;
			containerPortal = 5991CA692CD65A5B00389D48 /* Project object */;
			proxyType = 1;
			remoteGlobalIDString = 5991CA702CD65A5B00389D48;
			remoteInfo = SideQuestr;
		};
		5991CA8C2CD65A5D00389D48 /* PBXContainerItemProxy */ = {
			isa = PBXContainerItemProxy;
			containerPortal = 5991CA692CD65A5B00389D48 /* Project object */;
			proxyType = 1;
			remoteGlobalIDString = 5991CA702CD65A5B00389D48;
			remoteInfo = SideQuestr;
		};
/* End PBXContainerItemProxy section */

/* Begin PBXFileReference section */
		5991CA712CD65A5B00389D48 /* SideQuestr.app */ = {isa = PBXFileReference; explicitFileType = wrapper.application; includeInIndex = 0; path = SideQuestr.app; sourceTree = BUILT_PRODUCTS_DIR; };
		5991CA812CD65A5D00389D48 /* SideQuestrTests.xctest */ = {isa = PBXFileReference; explicitFileType = wrapper.cfbundle; includeInIndex = 0; path = SideQuestrTests.xctest; sourceTree = BUILT_PRODUCTS_DIR; };
		5991CA8B2CD65A5D00389D48 /* SideQuestrUITests.xctest */ = {isa = PBXFileReference; explicitFileType = wrapper.cfbundle; includeInIndex = 0; path = SideQuestrUITests.xctest; sourceTree = BUILT_PRODUCTS_DIR; };
/* End PBXFileReference section */

/* Begin PBXFileSystemSynchronizedRootGroup section */
		5991CA732CD65A5B00389D48 /* SideQuestr */ = {
			isa = PBXFileSystemSynchronizedRootGroup;
			path = SideQuestr;
			sourceTree = "<group>";
		};
		5991CA842CD65A5D00389D48 /* SideQuestrTests */ = {
			isa = PBXFileSystemSynchronizedRootGroup;
			path = SideQuestrTests;
			sourceTree = "<group>";
		};
		5991CA8E2CD65A5D00389D48 /* SideQuestrUITests */ = {
			isa = PBXFileSystemSynchronizedRootGroup;
			path = SideQuestrUITests;
			sourceTree = "<group>";
		};
/* End PBXFileSystemSynchronizedRootGroup section */

/* Begin PBXFrameworksBuildPhase section */
		5991CA6E2CD65A5B00389D48 /* Frameworks */ = {
			isa = PBXFrameworksBuildPhase;
			buildActionMask = 2147483647;
			files = (
			);
			runOnlyForDeploymentPostprocessing = 0;
		};
		5991CA7E2CD65A5D00389D48 /* Frameworks */ = {
			isa = PBXFrameworksBuildPhase;
			buildActionMask = 2147483647;
			files = (
			);
			runOnlyForDeploymentPostprocessing = 0;
		};
		5991CA882CD65A5D00389D48 /* Frameworks */ = {
			isa = PBXFrameworksBuildPhase;
			buildActionMask = 2147483647;
			files = (
			);
			runOnlyForDeploymentPostprocessing = 0;
		};
/* End PBXFrameworksBuildPhase section */

/* Begin PBXGroup section */
		5991CA682CD65A5B00389D48 = {
			isa = PBXGroup;
			children = (
				5991CA732CD65A5B00389D48 /* SideQuestr */,
				5991CA842CD65A5D00389D48 /* SideQuestrTests */,
				5991CA8E2CD65A5D00389D48 /* SideQuestrUITests */,
				5991CA722CD65A5B00389D48 /* Products */,
			);
			sourceTree = "<group>";
		};
		5991CA722CD65A5B00389D48 /* Products */ = {
			isa = PBXGroup;
			children = (
				5991CA712CD65A5B00389D48 /* SideQuestr.app */,
				5991CA812CD65A5D00389D48 /* SideQuestrTests.xctest */,
				5991CA8B2CD65A5D00389D48 /* SideQuestrUITests.xctest */,
			);
			name = Products;
			sourceTree = "<group>";
		};
/* End PBXGroup section */

/* Begin PBXNativeTarget section */
		5991CA702CD65A5B00389D48 /* SideQuestr */ = {
			isa = PBXNativeTarget;
			buildConfigurationList = 5991CA952CD65A5D00389D48 /* Build configuration list for PBXNativeTarget "SideQuestr" */;
			buildPhases = (
				5991CA6D2CD65A5B00389D48 /* Sources */,
				5991CA6E2CD65A5B00389D48 /* Frameworks */,
				5991CA6F2CD65A5B00389D48 /* Resources */,
			);
			buildRules = (
			);
			dependencies = (
			);
			fileSystemSynchronizedGroups = (
				5991CA732CD65A5B00389D48 /* SideQuestr */,
			);
			name = SideQuestr;
			packageProductDependencies = (
			);
			productName = SideQuestr;
			productReference = 5991CA712CD65A5B00389D48 /* SideQuestr.app */;
			productType = "com.apple.product-type.application";
		};
		5991CA802CD65A5D00389D48 /* SideQuestrTests */ = {
			isa = PBXNativeTarget;
			buildConfigurationList = 5991CA982CD65A5D00389D48 /* Build configuration list for PBXNativeTarget "SideQuestrTests" */;
			buildPhases = (
				5991CA7D2CD65A5D00389D48 /* Sources */,
				5991CA7E2CD65A5D00389D48 /* Frameworks */,
				5991CA7F2CD65A5D00389D48 /* Resources */,
			);
			buildRules = (
			);
			dependencies = (
				5991CA832CD65A5D00389D48 /* PBXTargetDependency */,
			);
			fileSystemSynchronizedGroups = (
				5991CA842CD65A5D00389D48 /* SideQuestrTests */,
			);
			name = SideQuestrTests;
			packageProductDependencies = (
			);
			productName = SideQuestrTests;
			productReference = 5991CA812CD65A5D00389D48 /* SideQuestrTests.xctest */;
			productType = "com.apple.product-type.bundle.unit-test";
		};
		5991CA8A2CD65A5D00389D48 /* SideQuestrUITests */ = {
			isa = PBXNativeTarget;
			buildConfigurationList = 5991CA9B2CD65A5D00389D48 /* Build configuration list for PBXNativeTarget "SideQuestrUITests" */;
			buildPhases = (
				5991CA872CD65A5D00389D48 /* Sources */,
				5991CA882CD65A5D00389D48 /* Frameworks */,
				5991CA892CD65A5D00389D48 /* Resources */,
			);
			buildRules = (
			);
			dependencies = (
				5991CA8D2CD65A5D00389D48 /* PBXTargetDependency */,
			);
			fileSystemSynchronizedGroups = (
				5991CA8E2CD65A5D00389D48 /* SideQuestrUITests */,
			);
			name = SideQuestrUITests;
			packageProductDependencies = (
			);
			productName = SideQuestrUITests;
			productReference = 5991CA8B2CD65A5D00389D48 /* SideQuestrUITests.xctest */;
			productType = "com.apple.product-type.bundle.ui-testing";
		};
/* End PBXNativeTarget section */

/* Begin PBXProject section */
		5991CA692CD65A5B00389D48 /* Project object */ = {
			isa = PBXProject;
			attributes = {
				BuildIndependentTargetsInParallel = 1;
				LastSwiftUpdateCheck = 1610;
				LastUpgradeCheck = 1610;
				TargetAttributes = {
					5991CA702CD65A5B00389D48 = {
						CreatedOnToolsVersion = 16.1;
					};
					5991CA802CD65A5D00389D48 = {
						CreatedOnToolsVersion = 16.1;
						TestTargetID = 5991CA702CD65A5B00389D48;
					};
					5991CA8A2CD65A5D00389D48 = {
						CreatedOnToolsVersion = 16.1;
						TestTargetID = 5991CA702CD65A5B00389D48;
					};
				};
			};
			buildConfigurationList = 5991CA6C2CD65A5B00389D48 /* Build configuration list for PBXProject "SideQuestr" */;
			developmentRegion = en;
			hasScannedForEncodings = 0;
			knownRegions = (
				en,
				Base,
			);
			mainGroup = 5991CA682CD65A5B00389D48;
			minimizedProjectReferenceProxies = 1;
			preferredProjectObjectVersion = 77;
			productRefGroup = 5991CA722CD65A5B00389D48 /* Products */;
			projectDirPath = "";
			projectRoot = "";
			targets = (
				5991CA702CD65A5B00389D48 /* SideQuestr */,
				5991CA802CD65A5D00389D48 /* SideQuestrTests */,
				5991CA8A2CD65A5D00389D48 /* SideQuestrUITests */,
			);
		};
/* End PBXProject section */

/* Begin PBXResourcesBuildPhase section */
		5991CA6F2CD65A5B00389D48 /* Resources */ = {
			isa = PBXResourcesBuildPhase;
			buildActionMask = 2147483647;
			files = (
			);
			runOnlyForDeploymentPostprocessing = 0;
		};
		5991CA7F2CD65A5D00389D48 /* Resources */ = {
			isa = PBXResourcesBuildPhase;
			buildActionMask = 2147483647;
			files = (
			);
			runOnlyForDeploymentPostprocessing = 0;
		};
		5991CA892CD65A5D00389D48 /* Resources */ = {
			isa = PBXResourcesBuildPhase;
			buildActionMask = 2147483647;
			files = (
			);
			runOnlyForDeploymentPostprocessing = 0;
		};
/* End PBXResourcesBuildPhase section */

/* Begin PBXSourcesBuildPhase section */
		5991CA6D2CD65A5B00389D48 /* Sources */ = {
			isa = PBXSourcesBuildPhase;
			buildActionMask = 2147483647;
			files = (
			);
			runOnlyForDeploymentPostprocessing = 0;
		};
		5991CA7D2CD65A5D00389D48 /* Sources */ = {
			isa = PBXSourcesBuildPhase;
			buildActionMask = 2147483647;
			files = (
			);
			runOnlyForDeploymentPostprocessing = 0;
		};
		5991CA872CD65A5D00389D48 /* Sources */ = {
			isa = PBXSourcesBuildPhase;
			buildActionMask = 2147483647;
			files = (
			);
			runOnlyForDeploymentPostprocessing = 0;
		};
/* End PBXSourcesBuildPhase section */

/* Begin PBXTargetDependency section */
		5991CA832CD65A5D00389D48 /* PBXTargetDependency */ = {
			isa = PBXTargetDependency;
			target = 5991CA702CD65A5B00389D48 /* SideQuestr */;
			targetProxy = 5991CA822CD65A5D00389D48 /* PBXContainerItemProxy */;
		};
		5991CA8D2CD65A5D00389D48 /* PBXTargetDependency */ = {
			isa = PBXTargetDependency;
			target = 5991CA702CD65A5B00389D48 /* SideQuestr */;
			targetProxy = 5991CA8C2CD65A5D00389D48 /* PBXContainerItemProxy */;
		};
/* End PBXTargetDependency section */

/* Begin XCBuildConfiguration section */
		5991CA932CD65A5D00389D48 /* Debug */ = {
			isa = XCBuildConfiguration;
			buildSettings = {
				ALWAYS_SEARCH_USER_PATHS = NO;
				ASSETCATALOG_COMPILER_GENERATE_SWIFT_ASSET_SYMBOL_EXTENSIONS = YES;
				CLANG_ANALYZER_NONNULL = YES;
				CLANG_ANALYZER_NUMBER_OBJECT_CONVERSION = YES_AGGRESSIVE;
				CLANG_CXX_LANGUAGE_STANDARD = "gnu++20";
				CLANG_ENABLE_MODULES = YES;
				CLANG_ENABLE_OBJC_ARC = YES;
				CLANG_ENABLE_OBJC_WEAK = YES;
				CLANG_WARN_BLOCK_CAPTURE_AUTORELEASING = YES;
				CLANG_WARN_BOOL_CONVERSION = YES;
				CLANG_WARN_COMMA = YES;
				CLANG_WARN_CONSTANT_CONVERSION = YES;
				CLANG_WARN_DEPRECATED_OBJC_IMPLEMENTATIONS = YES;
				CLANG_WARN_DIRECT_OBJC_ISA_USAGE = YES_ERROR;
				CLANG_WARN_DOCUMENTATION_COMMENTS = YES;
				CLANG_WARN_EMPTY_BODY = YES;
				CLANG_WARN_ENUM_CONVERSION = YES;
				CLANG_WARN_INFINITE_RECURSION = YES;
				CLANG_WARN_INT_CONVERSION = YES;
				CLANG_WARN_NON_LITERAL_NULL_CONVERSION = YES;
				CLANG_WARN_OBJC_IMPLICIT_RETAIN_SELF = YES;
				CLANG_WARN_OBJC_LITERAL_CONVERSION = YES;
				CLANG_WARN_OBJC_ROOT_CLASS = YES_ERROR;
				CLANG_WARN_QUOTED_INCLUDE_IN_FRAMEWORK_HEADER = YES;
				CLANG_WARN_RANGE_LOOP_ANALYSIS = YES;
				CLANG_WARN_STRICT_PROTOTYPES = YES;
				CLANG_WARN_SUSPICIOUS_MOVE = YES;
				CLANG_WARN_UNGUARDED_AVAILABILITY = YES_AGGRESSIVE;
				CLANG_WARN_UNREACHABLE_CODE = YES;
				CLANG_WARN__DUPLICATE_METHOD_MATCH = YES;
				COPY_PHASE_STRIP = NO;
				DEBUG_INFORMATION_FORMAT = dwarf;
				ENABLE_STRICT_OBJC_MSGSEND = YES;
				ENABLE_TESTABILITY = YES;
				ENABLE_USER_SCRIPT_SANDBOXING = YES;
				GCC_C_LANGUAGE_STANDARD = gnu17;
				GCC_DYNAMIC_NO_PIC = NO;
				GCC_NO_COMMON_BLOCKS = YES;
				GCC_OPTIMIZATION_LEVEL = 0;
				GCC_PREPROCESSOR_DEFINITIONS = (
					"DEBUG=1",
					"$(inherited)",
				);
				GCC_WARN_64_TO_32_BIT_CONVERSION = YES;
				GCC_WARN_ABOUT_RETURN_TYPE = YES_ERROR;
				GCC_WARN_UNDECLARED_SELECTOR = YES;
				GCC_WARN_UNINITIALIZED_AUTOS = YES_AGGRESSIVE;
				GCC_WARN_UNUSED_FUNCTION = YES;
				GCC_WARN_UNUSED_VARIABLE = YES;
				IPHONEOS_DEPLOYMENT_TARGET = 18.1;
				LOCALIZATION_PREFERS_STRING_CATALOGS = YES;
				MTL_ENABLE_DEBUG_INFO = INCLUDE_SOURCE;
				MTL_FAST_MATH = YES;
				ONLY_ACTIVE_ARCH = YES;
				SDKROOT = iphoneos;
				SWIFT_ACTIVE_COMPILATION_CONDITIONS = "DEBUG $(inherited)";
				SWIFT_OPTIMIZATION_LEVEL = "-Onone";
			};
			name = Debug;
		};
		5991CA942CD65A5D00389D48 /* Release */ = {
			isa = XCBuildConfiguration;
			buildSettings = {
				ALWAYS_SEARCH_USER_PATHS = NO;
				ASSETCATALOG_COMPILER_GENERATE_SWIFT_ASSET_SYMBOL_EXTENSIONS = YES;
				CLANG_ANALYZER_NONNULL = YES;
				CLANG_ANALYZER_NUMBER_OBJECT_CONVERSION = YES_AGGRESSIVE;
				CLANG_CXX_LANGUAGE_STANDARD = "gnu++20";
				CLANG_ENABLE_MODULES = YES;
				CLANG_ENABLE_OBJC_ARC = YES;
				CLANG_ENABLE_OBJC_WEAK = YES;
				CLANG_WARN_BLOCK_CAPTURE_AUTORELEASING = YES;
				CLANG_WARN_BOOL_CONVERSION = YES;
				CLANG_WARN_COMMA = YES;
				CLANG_WARN_CONSTANT_CONVERSION = YES;
				CLANG_WARN_DEPRECATED_OBJC_IMPLEMENTATIONS = YES;
				CLANG_WARN_DIRECT_OBJC_ISA_USAGE = YES_ERROR;
				CLANG_WARN_DOCUMENTATION_COMMENTS = YES;
				CLANG_WARN_EMPTY_BODY = YES;
				CLANG_WARN_ENUM_CONVERSION = YES;
				CLANG_WARN_INFINITE_RECURSION = YES;
				CLANG_WARN_INT_CONVERSION = YES;
				CLANG_WARN_NON_LITERAL_NULL_CONVERSION = YES;
				CLANG_WARN_OBJC_IMPLICIT_RETAIN_SELF = YES;
				CLANG_WARN_OBJC_LITERAL_CONVERSION = YES;
				CLANG_WARN_OBJC_ROOT_CLASS = YES_ERROR;
				CLANG_WARN_QUOTED_INCLUDE_IN_FRAMEWORK_HEADER = YES;
				CLANG_WARN_RANGE_LOOP_ANALYSIS = YES;
				CLANG_WARN_STRICT_PROTOTYPES = YES;
				CLANG_WARN_SUSPICIOUS_MOVE = YES;
				CLANG_WARN_UNGUARDED_AVAILABILITY = YES_AGGRESSIVE;
				CLANG_WARN_UNREACHABLE_CODE = YES;
				CLANG_WARN__DUPLICATE_METHOD_MATCH = YES;
				COPY_PHASE_STRIP = NO;
				DEBUG_INFORMATION_FORMAT = "dwarf-with-dsym";
				ENABLE_NS_ASSERTIONS = NO;
				ENABLE_STRICT_OBJC_MSGSEND = YES;
				ENABLE_USER_SCRIPT_SANDBOXING = YES;
				GCC_C_LANGUAGE_STANDARD = gnu17;
				GCC_NO_COMMON_BLOCKS = YES;
				GCC_WARN_64_TO_32_BIT_CONVERSION = YES;
				GCC_WARN_ABOUT_RETURN_TYPE = YES_ERROR;
				GCC_WARN_UNDECLARED_SELECTOR = YES;
				GCC_WARN_UNINITIALIZED_AUTOS = YES_AGGRESSIVE;
				GCC_WARN_UNUSED_FUNCTION = YES;
				GCC_WARN_UNUSED_VARIABLE = YES;
				IPHONEOS_DEPLOYMENT_TARGET = 18.1;
				LOCALIZATION_PREFERS_STRING_CATALOGS = YES;
				MTL_ENABLE_DEBUG_INFO = NO;
				MTL_FAST_MATH = YES;
				SDKROOT = iphoneos;
				SWIFT_COMPILATION_MODE = wholemodule;
				VALIDATE_PRODUCT = YES;
			};
			name = Release;
		};
		5991CA962CD65A5D00389D48 /* Debug */ = {
			isa = XCBuildConfiguration;
			buildSettings = {
				ASSETCATALOG_COMPILER_APPICON_NAME = AppIcon;
				ASSETCATALOG_COMPILER_GLOBAL_ACCENT_COLOR_NAME = AccentColor;
				CODE_SIGN_STYLE = Automatic;
				CURRENT_PROJECT_VERSION = 1;
				DEVELOPMENT_ASSET_PATHS = "\"SideQuestr/Preview Content\"";
				DEVELOPMENT_TEAM = 7X5VN34S38;
				ENABLE_PREVIEWS = YES;
				GENERATE_INFOPLIST_FILE = YES;
				INFOPLIST_KEY_NSLocationAlwaysAndWhenInUseUsageDescription = "Allows for updating where you have been on the map.";
				INFOPLIST_KEY_NSLocationAlwaysUsageDescription = "Allows for updating where you have been on the map.";
				INFOPLIST_KEY_NSLocationUsageDescription = "Allows for updating where you have been on the map.";
				INFOPLIST_KEY_NSLocationWhenInUseUsageDescription = "Allows for updating where you have been on the map.";
				INFOPLIST_KEY_UIApplicationSceneManifest_Generation = YES;
				INFOPLIST_KEY_UIApplicationSupportsIndirectInputEvents = YES;
				INFOPLIST_KEY_UILaunchScreen_Generation = YES;
				INFOPLIST_KEY_UISupportedInterfaceOrientations_iPad = "UIInterfaceOrientationPortrait UIInterfaceOrientationPortraitUpsideDown UIInterfaceOrientationLandscapeLeft UIInterfaceOrientationLandscapeRight";
				INFOPLIST_KEY_UISupportedInterfaceOrientations_iPhone = "UIInterfaceOrientationPortrait UIInterfaceOrientationLandscapeLeft UIInterfaceOrientationLandscapeRight";
				LD_RUNPATH_SEARCH_PATHS = (
					"$(inherited)",
					"@executable_path/Frameworks",
				);
				MARKETING_VERSION = 1.0;
				PRODUCT_BUNDLE_IDENTIFIER = BlackDucks.SideQuestr;
				PRODUCT_NAME = "$(TARGET_NAME)";
				SWIFT_EMIT_LOC_STRINGS = YES;
				SWIFT_VERSION = 5.0;
				TARGETED_DEVICE_FAMILY = "1,2";
			};
			name = Debug;
		};
		5991CA972CD65A5D00389D48 /* Release */ = {
			isa = XCBuildConfiguration;
			buildSettings = {
				ASSETCATALOG_COMPILER_APPICON_NAME = AppIcon;
				ASSETCATALOG_COMPILER_GLOBAL_ACCENT_COLOR_NAME = AccentColor;
				CODE_SIGN_STYLE = Automatic;
				CURRENT_PROJECT_VERSION = 1;
				DEVELOPMENT_ASSET_PATHS = "\"SideQuestr/Preview Content\"";
				DEVELOPMENT_TEAM = 7X5VN34S38;
				ENABLE_PREVIEWS = YES;
				GENERATE_INFOPLIST_FILE = YES;
				INFOPLIST_KEY_NSLocationAlwaysAndWhenInUseUsageDescription = "Allows for updating where you have been on the map.";
				INFOPLIST_KEY_NSLocationAlwaysUsageDescription = "Allows for updating where you have been on the map.";
				INFOPLIST_KEY_NSLocationUsageDescription = "Allows for updating where you have been on the map.";
				INFOPLIST_KEY_NSLocationWhenInUseUsageDescription = "Allows for updating where you have been on the map.";
				INFOPLIST_KEY_UIApplicationSceneManifest_Generation = YES;
				INFOPLIST_KEY_UIApplicationSupportsIndirectInputEvents = YES;
				INFOPLIST_KEY_UILaunchScreen_Generation = YES;
				INFOPLIST_KEY_UISupportedInterfaceOrientations_iPad = "UIInterfaceOrientationPortrait UIInterfaceOrientationPortraitUpsideDown UIInterfaceOrientationLandscapeLeft UIInterfaceOrientationLandscapeRight";
				INFOPLIST_KEY_UISupportedInterfaceOrientations_iPhone = "UIInterfaceOrientationPortrait UIInterfaceOrientationLandscapeLeft UIInterfaceOrientationLandscapeRight";
				LD_RUNPATH_SEARCH_PATHS = (
					"$(inherited)",
					"@executable_path/Frameworks",
				);
				MARKETING_VERSION = 1.0;
				PRODUCT_BUNDLE_IDENTIFIER = BlackDucks.SideQuestr;
				PRODUCT_NAME = "$(TARGET_NAME)";
				SWIFT_EMIT_LOC_STRINGS = YES;
				SWIFT_VERSION = 5.0;
				TARGETED_DEVICE_FAMILY = "1,2";
			};
			name = Release;
		};
		5991CA992CD65A5D00389D48 /* Debug */ = {
			isa = XCBuildConfiguration;
			buildSettings = {
				BUNDLE_LOADER = "$(TEST_HOST)";
				CODE_SIGN_STYLE = Automatic;
				CURRENT_PROJECT_VERSION = 1;
				GENERATE_INFOPLIST_FILE = YES;
				IPHONEOS_DEPLOYMENT_TARGET = 18.1;
				MARKETING_VERSION = 1.0;
				PRODUCT_BUNDLE_IDENTIFIER = BlackDucks.SideQuestrTests;
				PRODUCT_NAME = "$(TARGET_NAME)";
				SWIFT_EMIT_LOC_STRINGS = NO;
				SWIFT_VERSION = 5.0;
				TARGETED_DEVICE_FAMILY = "1,2";
				TEST_HOST = "$(BUILT_PRODUCTS_DIR)/SideQuestr.app/$(BUNDLE_EXECUTABLE_FOLDER_PATH)/SideQuestr";
			};
			name = Debug;
		};
		5991CA9A2CD65A5D00389D48 /* Release */ = {
			isa = XCBuildConfiguration;
			buildSettings = {
				BUNDLE_LOADER = "$(TEST_HOST)";
				CODE_SIGN_STYLE = Automatic;
				CURRENT_PROJECT_VERSION = 1;
				GENERATE_INFOPLIST_FILE = YES;
				IPHONEOS_DEPLOYMENT_TARGET = 18.1;
				MARKETING_VERSION = 1.0;
				PRODUCT_BUNDLE_IDENTIFIER = BlackDucks.SideQuestrTests;
				PRODUCT_NAME = "$(TARGET_NAME)";
				SWIFT_EMIT_LOC_STRINGS = NO;
				SWIFT_VERSION = 5.0;
				TARGETED_DEVICE_FAMILY = "1,2";
				TEST_HOST = "$(BUILT_PRODUCTS_DIR)/SideQuestr.app/$(BUNDLE_EXECUTABLE_FOLDER_PATH)/SideQuestr";
			};
			name = Release;
		};
		5991CA9C2CD65A5D00389D48 /* Debug */ = {
			isa = XCBuildConfiguration;
			buildSettings = {
				CODE_SIGN_STYLE = Automatic;
				CURRENT_PROJECT_VERSION = 1;
				GENERATE_INFOPLIST_FILE = YES;
				MARKETING_VERSION = 1.0;
				PRODUCT_BUNDLE_IDENTIFIER = BlackDucks.SideQuestrUITests;
				PRODUCT_NAME = "$(TARGET_NAME)";
				SWIFT_EMIT_LOC_STRINGS = NO;
				SWIFT_VERSION = 5.0;
				TARGETED_DEVICE_FAMILY = "1,2";
				TEST_TARGET_NAME = SideQuestr;
			};
			name = Debug;
		};
		5991CA9D2CD65A5D00389D48 /* Release */ = {
			isa = XCBuildConfiguration;
			buildSettings = {
				CODE_SIGN_STYLE = Automatic;
				CURRENT_PROJECT_VERSION = 1;
				GENERATE_INFOPLIST_FILE = YES;
				MARKETING_VERSION = 1.0;
				PRODUCT_BUNDLE_IDENTIFIER = BlackDucks.SideQuestrUITests;
				PRODUCT_NAME = "$(TARGET_NAME)";
				SWIFT_EMIT_LOC_STRINGS = NO;
				SWIFT_VERSION = 5.0;
				TARGETED_DEVICE_FAMILY = "1,2";
				TEST_TARGET_NAME = SideQuestr;
			};
			name = Release;
		};
/* End XCBuildConfiguration section */

/* Begin XCConfigurationList section */
		5991CA6C2CD65A5B00389D48 /* Build configuration list for PBXProject "SideQuestr" */ = {
			isa = XCConfigurationList;
			buildConfigurations = (
				5991CA932CD65A5D00389D48 /* Debug */,
				5991CA942CD65A5D00389D48 /* Release */,
			);
			defaultConfigurationIsVisible = 0;
			defaultConfigurationName = Release;
		};
		5991CA952CD65A5D00389D48 /* Build configuration list for PBXNativeTarget "SideQuestr" */ = {
			isa = XCConfigurationList;
			buildConfigurations = (
				5991CA962CD65A5D00389D48 /* Debug */,
				5991CA972CD65A5D00389D48 /* Release */,
			);
			defaultConfigurationIsVisible = 0;
			defaultConfigurationName = Release;
		};
		5991CA982CD65A5D00389D48 /* Build configuration list for PBXNativeTarget "SideQuestrTests" */ = {
			isa = XCConfigurationList;
			buildConfigurations = (
				5991CA992CD65A5D00389D48 /* Debug */,
				5991CA9A2CD65A5D00389D48 /* Release */,
			);
			defaultConfigurationIsVisible = 0;
			defaultConfigurationName = Release;
		};
		5991CA9B2CD65A5D00389D48 /* Build configuration list for PBXNativeTarget "SideQuestrUITests" */ = {
			isa = XCConfigurationList;
			buildConfigurations = (
				5991CA9C2CD65A5D00389D48 /* Debug */,
				5991CA9D2CD65A5D00389D48 /* Release */,
			);
			defaultConfigurationIsVisible = 0;
			defaultConfigurationName = Release;
		};
/* End XCConfigurationList section */
	};
	rootObject = 5991CA692CD65A5B00389D48 /* Project object */;
}
